{
  "requires": true,
  "lockfileVersion": 1,
  "dependencies": {
    "cordova-plugin-badge": {
      "version": "0.8.5",
      "resolved": "https://registry.npmjs.org/cordova-plugin-badge/-/cordova-plugin-badge-0.8.5.tgz",
      "integrity": "sha512-kEa/hvNriry86UeHF1FNDGzRknn51iDpimdlL1GLcqxQLaLUs2MSXapf1u788g3gYcDfjCxszxe8c0msx1Ri4Q=="
    },
    "cordova-plugin-local-notification": {
      "version": "0.9.0-beta.1",
      "resolved": "https://registry.npmjs.org/cordova-plugin-local-notification/-/cordova-plugin-local-notification-0.9.0-beta.1.tgz",
      "integrity": "sha512-nehEYUqEfdI1Eggebj6vrmgePBr0hWqcsuptAsZIHZLe/OsxVdKAUa0caPAg5wZ5fV5qNg0SP1GQVaQm984NeQ=="
    }
  }
}
